
Microsoft Visual Studio Solution File, Format Version 12.00
# Visual Studio Version 17
VisualStudioVersion = 17.1.32421.90
MinimumVisualStudioVersion = 10.0.40219.1
Project("{FAE04EC0-301F-11D3-BF4B-00C04F79EFBC}") = "Corsi_and_Orsi37", "Corsi_and_Orsi37\Corsi_and_Orsi37.csproj", "{AC93023F-CAB9-4B44-81C3-5A3044C44D76}"
EndProject
Global
	GlobalSection(SolutionConfigurationPlatforms) = preSolution
		Debug|Any CPU = Debug|Any CPU
		Release|Any CPU = Release|Any CPU
	EndGlobalSection
	GlobalSection(ProjectConfigurationPlatforms) = postSolution
		{AC93023F-CAB9-4B44-81C3-5A3044C44D76}.Debug|Any CPU.ActiveCfg = Debug|Any CPU
		{AC93023F-CAB9-4B44-81C3-5A3044C44D76}.Debug|Any CPU.Build.0 = Debug|Any CPU
		{AC93023F-CAB9-4B44-81C3-5A3044C44D76}.Release|Any CPU.ActiveCfg = Release|Any CPU
		{AC93023F-CAB9-4B44-81C3-5A3044C44D76}.Release|Any CPU.Build.0 = Release|Any CPU
	EndGlobalSection
	GlobalSection(SolutionProperties) = preSolution
		HideSolutionNode = FALSE
	EndGlobalSection
	GlobalSection(ExtensibilityGlobals) = postSolution
		SolutionGuid = {5428EF94-0394-4A91-849B-A8BCAEA7E895}
	EndGlobalSection
EndGlobal
